
Microsoft Visual Studio Solution File, Format Version 12.00
# Visual Studio Version 17
VisualStudioVersion = 17.7.34221.43
MinimumVisualStudioVersion = 10.0.40219.1
Project("{2150E333-8FDC-42A3-9474-1A3956D46DE8}") = "src", "src", "{F3C2B9B4-7596-4D17-BFE0-51F8EA7E908A}"
EndProject
Project("{2150E333-8FDC-42A3-9474-1A3956D46DE8}") = "Core", "Core", "{0801A423-38A9-4D2F-A1D2-337631783584}"
EndProject
Project("{FAE04EC0-301F-11D3-BF4B-00C04F79EFBC}") = "MyPortfolio.Application", "MyPortfolio.Application\MyPortfolio.Application.csproj", "{917CDCA2-FE67-4AF8-AB21-5ABD584B6936}"
EndProject
Project("{FAE04EC0-301F-11D3-BF4B-00C04F79EFBC}") = "MyPortfolio.Entity", "MyPortfolio.Entity\MyPortfolio.Entity.csproj", "{5E1532E2-2819-4017-8EAB-22E3ADC28056}"
EndProject
Project("{2150E333-8FDC-42A3-9474-1A3956D46DE8}") = "External", "External", "{AFF372EB-E7FB-4A06-8DF0-C56E4F06A0AE}"
EndProject
Project("{FAE04EC0-301F-11D3-BF4B-00C04F79EFBC}") = "MyPortfolio.Infrastructure", "MyPortfolio.Infrastructure\MyPortfolio.Infrastructure.csproj", "{8AD82B49-1D93-4353-B6B7-B29F8915DDDC}"
EndProject
Project("{FAE04EC0-301F-11D3-BF4B-00C04F79EFBC}") = "MyPortfolio.Presentation", "MyPortfolio.Presentation\MyPortfolio.Presentation.csproj", "{BDA4FF7A-663F-4EAE-A568-500771B66629}"
EndProject
Project("{2150E333-8FDC-42A3-9474-1A3956D46DE8}") = "Web", "Web", "{A5BC5B50-15FE-4A6A-A7D4-EBBAB7FE1467}"
EndProject
Project("{FAE04EC0-301F-11D3-BF4B-00C04F79EFBC}") = "MyPortfolio.WebApi", "MyPortfolio.WebApi\MyPortfolio.WebApi.csproj", "{9E4E7411-D61E-4C93-BC08-DC80ECB372F6}"
EndProject
Global
	GlobalSection(SolutionConfigurationPlatforms) = preSolution
		Debug|Any CPU = Debug|Any CPU
		Release|Any CPU = Release|Any CPU
	EndGlobalSection
	GlobalSection(ProjectConfigurationPlatforms) = postSolution
		{917CDCA2-FE67-4AF8-AB21-5ABD584B6936}.Debug|Any CPU.ActiveCfg = Debug|Any CPU
		{917CDCA2-FE67-4AF8-AB21-5ABD584B6936}.Debug|Any CPU.Build.0 = Debug|Any CPU
		{917CDCA2-FE67-4AF8-AB21-5ABD584B6936}.Release|Any CPU.ActiveCfg = Release|Any CPU
		{917CDCA2-FE67-4AF8-AB21-5ABD584B6936}.Release|Any CPU.Build.0 = Release|Any CPU
		{5E1532E2-2819-4017-8EAB-22E3ADC28056}.Debug|Any CPU.ActiveCfg = Debug|Any CPU
		{5E1532E2-2819-4017-8EAB-22E3ADC28056}.Debug|Any CPU.Build.0 = Debug|Any CPU
		{5E1532E2-2819-4017-8EAB-22E3ADC28056}.Release|Any CPU.ActiveCfg = Release|Any CPU
		{5E1532E2-2819-4017-8EAB-22E3ADC28056}.Release|Any CPU.Build.0 = Release|Any CPU
		{8AD82B49-1D93-4353-B6B7-B29F8915DDDC}.Debug|Any CPU.ActiveCfg = Debug|Any CPU
		{8AD82B49-1D93-4353-B6B7-B29F8915DDDC}.Debug|Any CPU.Build.0 = Debug|Any CPU
		{8AD82B49-1D93-4353-B6B7-B29F8915DDDC}.Release|Any CPU.ActiveCfg = Release|Any CPU
		{8AD82B49-1D93-4353-B6B7-B29F8915DDDC}.Release|Any CPU.Build.0 = Release|Any CPU
		{BDA4FF7A-663F-4EAE-A568-500771B66629}.Debug|Any CPU.ActiveCfg = Debug|Any CPU
		{BDA4FF7A-663F-4EAE-A568-500771B66629}.Debug|Any CPU.Build.0 = Debug|Any CPU
		{BDA4FF7A-663F-4EAE-A568-500771B66629}.Release|Any CPU.ActiveCfg = Release|Any CPU
		{BDA4FF7A-663F-4EAE-A568-500771B66629}.Release|Any CPU.Build.0 = Release|Any CPU
		{9E4E7411-D61E-4C93-BC08-DC80ECB372F6}.Debug|Any CPU.ActiveCfg = Debug|Any CPU
		{9E4E7411-D61E-4C93-BC08-DC80ECB372F6}.Debug|Any CPU.Build.0 = Debug|Any CPU
		{9E4E7411-D61E-4C93-BC08-DC80ECB372F6}.Release|Any CPU.ActiveCfg = Release|Any CPU
		{9E4E7411-D61E-4C93-BC08-DC80ECB372F6}.Release|Any CPU.Build.0 = Release|Any CPU
	EndGlobalSection
	GlobalSection(SolutionProperties) = preSolution
		HideSolutionNode = FALSE
	EndGlobalSection
	GlobalSection(NestedProjects) = preSolution
		{0801A423-38A9-4D2F-A1D2-337631783584} = {F3C2B9B4-7596-4D17-BFE0-51F8EA7E908A}
		{917CDCA2-FE67-4AF8-AB21-5ABD584B6936} = {0801A423-38A9-4D2F-A1D2-337631783584}
		{5E1532E2-2819-4017-8EAB-22E3ADC28056} = {0801A423-38A9-4D2F-A1D2-337631783584}
		{AFF372EB-E7FB-4A06-8DF0-C56E4F06A0AE} = {F3C2B9B4-7596-4D17-BFE0-51F8EA7E908A}
		{8AD82B49-1D93-4353-B6B7-B29F8915DDDC} = {AFF372EB-E7FB-4A06-8DF0-C56E4F06A0AE}
		{BDA4FF7A-663F-4EAE-A568-500771B66629} = {AFF372EB-E7FB-4A06-8DF0-C56E4F06A0AE}
		{A5BC5B50-15FE-4A6A-A7D4-EBBAB7FE1467} = {F3C2B9B4-7596-4D17-BFE0-51F8EA7E908A}
		{9E4E7411-D61E-4C93-BC08-DC80ECB372F6} = {A5BC5B50-15FE-4A6A-A7D4-EBBAB7FE1467}
	EndGlobalSection
	GlobalSection(ExtensibilityGlobals) = postSolution
		SolutionGuid = {6E862C4F-224D-4D1E-BA21-94FD7FC22726}
	EndGlobalSection
EndGlobal
